
Microsoft Visual Studio Solution File, Format Version 12.00
# Visual Studio Version 17
VisualStudioVersion = 17.2.32802.462
MinimumVisualStudioVersion = 10.0.40219.1
Project("{FAE04EC0-301F-11D3-BF4B-00C04F79EFBC}") = "AREClass", "AREClass\AREClass.csproj", "{D2101C65-FC97-44CB-A0CF-471D193F1429}"
EndProject
Global
	GlobalSection(SolutionConfigurationPlatforms) = preSolution
		Debug|Any CPU = Debug|Any CPU
		Release|Any CPU = Release|Any CPU
	EndGlobalSection
	GlobalSection(ProjectConfigurationPlatforms) = postSolution
		{D2101C65-FC97-44CB-A0CF-471D193F1429}.Debug|Any CPU.ActiveCfg = Debug|Any CPU
		{D2101C65-FC97-44CB-A0CF-471D193F1429}.Debug|Any CPU.Build.0 = Debug|Any CPU
		{D2101C65-FC97-44CB-A0CF-471D193F1429}.Release|Any CPU.ActiveCfg = Release|Any CPU
		{D2101C65-FC97-44CB-A0CF-471D193F1429}.Release|Any CPU.Build.0 = Release|Any CPU
	EndGlobalSection
	GlobalSection(SolutionProperties) = preSolution
		HideSolutionNode = FALSE
	EndGlobalSection
	GlobalSection(ExtensibilityGlobals) = postSolution
		SolutionGuid = {09174B8F-4473-45DD-BCCC-677E9CAA36F6}
	EndGlobalSection
EndGlobal
